﻿
Microsoft Visual Studio Solution File, Format Version 12.00
# Visual Studio Version 17
VisualStudioVersion = 17.8.34330.188
MinimumVisualStudioVersion = 10.0.40219.1
Project("{9A19103F-16F7-4668-BE54-9A1E7A4F7556}") = "PoS.API", "PoS\PoS.API.csproj", "{4EC9E11F-DE5C-4217-BF47-67CE1BD04FFD}"
EndProject
Project("{9A19103F-16F7-4668-BE54-9A1E7A4F7556}") = "PoS.Core", "PoS.Domain\PoS.Core.csproj", "{A828D824-26C0-4614-8539-AD0879083C47}"
EndProject
Project("{9A19103F-16F7-4668-BE54-9A1E7A4F7556}") = "PoS.Infrastructure", "PoS.Infrastructure\PoS.Infrastructure.csproj", "{8A8814F8-9B6D-4093-BC5A-6265CA564BE2}"
EndProject
Project("{9A19103F-16F7-4668-BE54-9A1E7A4F7556}") = "PoS.Application", "PoS.Application\PoS.Application.csproj", "{F4108CD9-F65A-41D9-8F32-36185665F554}"
EndProject
Global
	GlobalSection(SolutionConfigurationPlatforms) = preSolution
		Debug|Any CPU = Debug|Any CPU
		Release|Any CPU = Release|Any CPU
	EndGlobalSection
	GlobalSection(ProjectConfigurationPlatforms) = postSolution
		{4EC9E11F-DE5C-4217-BF47-67CE1BD04FFD}.Debug|Any CPU.ActiveCfg = Debug|Any CPU
		{4EC9E11F-DE5C-4217-BF47-67CE1BD04FFD}.Debug|Any CPU.Build.0 = Debug|Any CPU
		{4EC9E11F-DE5C-4217-BF47-67CE1BD04FFD}.Release|Any CPU.ActiveCfg = Release|Any CPU
		{4EC9E11F-DE5C-4217-BF47-67CE1BD04FFD}.Release|Any CPU.Build.0 = Release|Any CPU
		{A828D824-26C0-4614-8539-AD0879083C47}.Debug|Any CPU.ActiveCfg = Debug|Any CPU
		{A828D824-26C0-4614-8539-AD0879083C47}.Debug|Any CPU.Build.0 = Debug|Any CPU
		{A828D824-26C0-4614-8539-AD0879083C47}.Release|Any CPU.ActiveCfg = Release|Any CPU
		{A828D824-26C0-4614-8539-AD0879083C47}.Release|Any CPU.Build.0 = Release|Any CPU
		{8A8814F8-9B6D-4093-BC5A-6265CA564BE2}.Debug|Any CPU.ActiveCfg = Debug|Any CPU
		{8A8814F8-9B6D-4093-BC5A-6265CA564BE2}.Debug|Any CPU.Build.0 = Debug|Any CPU
		{8A8814F8-9B6D-4093-BC5A-6265CA564BE2}.Release|Any CPU.ActiveCfg = Release|Any CPU
		{8A8814F8-9B6D-4093-BC5A-6265CA564BE2}.Release|Any CPU.Build.0 = Release|Any CPU
		{F4108CD9-F65A-41D9-8F32-36185665F554}.Debug|Any CPU.ActiveCfg = Debug|Any CPU
		{F4108CD9-F65A-41D9-8F32-36185665F554}.Debug|Any CPU.Build.0 = Debug|Any CPU
		{F4108CD9-F65A-41D9-8F32-36185665F554}.Release|Any CPU.ActiveCfg = Release|Any CPU
		{F4108CD9-F65A-41D9-8F32-36185665F554}.Release|Any CPU.Build.0 = Release|Any CPU
	EndGlobalSection
	GlobalSection(SolutionProperties) = preSolution
		HideSolutionNode = FALSE
	EndGlobalSection
	GlobalSection(ExtensibilityGlobals) = postSolution
		SolutionGuid = {1A975B51-C074-4835-917F-9477F3D441FD}
	EndGlobalSection
EndGlobal